
Microsoft Visual Studio Solution File, Format Version 12.00
# Visual Studio Version 17
VisualStudioVersion = 17.0.32014.148
MinimumVisualStudioVersion = 10.0.40219.1
Project("{9A19103F-16F7-4668-BE54-9A1E7A4F7556}") = "CompanyName.ProjectName.WebApi", "Src\CompanyName.ProjectName.WebApi\CompanyName.ProjectName.WebApi.csproj", "{EAB75A69-B49B-4EB4-A8E8-87884CC4644B}"
EndProject
Project("{2150E333-8FDC-42A3-9474-1A3956D46DE8}") = "Src", "Src", "{0251AD26-B59A-4DA2-916D-95BF78780034}"
EndProject
Project("{9A19103F-16F7-4668-BE54-9A1E7A4F7556}") = "CompanyName.ProjectName.Domain", "Src\CompanyName.ProjectName.Domain\CompanyName.ProjectName.Domain.csproj", "{03FC1F21-9816-4BD3-A083-E872FB0E4FB6}"
EndProject
Project("{9A19103F-16F7-4668-BE54-9A1E7A4F7556}") = "CompanyName.ProjectName.Application", "Src\CompanyName.ProjectName.Application\CompanyName.ProjectName.Application.csproj", "{4BB8C9CB-20DC-4E7F-8481-BEF65F5A1677}"
EndProject
Project("{9A19103F-16F7-4668-BE54-9A1E7A4F7556}") = "CompanyName.ProjectName.Infrastructure", "Src\CompanyName.ProjectName.Infrastructure\CompanyName.ProjectName.Infrastructure.csproj", "{326E6E9E-0946-499D-9B36-542466B27FEA}"
EndProject
Project("{FAE04EC0-301F-11D3-BF4B-00C04F79EFBC}") = "CompanyName.ProjectName.Persistence", "Src\CompanyName.ProjectName.Persistence\CompanyName.ProjectName.Persistence.csproj", "{099EB957-FFBF-47FF-A7C5-FEF939DD4189}"
EndProject
Global
	GlobalSection(SolutionConfigurationPlatforms) = preSolution
		Debug|Any CPU = Debug|Any CPU
		Release|Any CPU = Release|Any CPU
	EndGlobalSection
	GlobalSection(ProjectConfigurationPlatforms) = postSolution
		{EAB75A69-B49B-4EB4-A8E8-87884CC4644B}.Debug|Any CPU.ActiveCfg = Debug|Any CPU
		{EAB75A69-B49B-4EB4-A8E8-87884CC4644B}.Debug|Any CPU.Build.0 = Debug|Any CPU
		{EAB75A69-B49B-4EB4-A8E8-87884CC4644B}.Release|Any CPU.ActiveCfg = Release|Any CPU
		{EAB75A69-B49B-4EB4-A8E8-87884CC4644B}.Release|Any CPU.Build.0 = Release|Any CPU
		{03FC1F21-9816-4BD3-A083-E872FB0E4FB6}.Debug|Any CPU.ActiveCfg = Debug|Any CPU
		{03FC1F21-9816-4BD3-A083-E872FB0E4FB6}.Debug|Any CPU.Build.0 = Debug|Any CPU
		{03FC1F21-9816-4BD3-A083-E872FB0E4FB6}.Release|Any CPU.ActiveCfg = Release|Any CPU
		{03FC1F21-9816-4BD3-A083-E872FB0E4FB6}.Release|Any CPU.Build.0 = Release|Any CPU
		{4BB8C9CB-20DC-4E7F-8481-BEF65F5A1677}.Debug|Any CPU.ActiveCfg = Debug|Any CPU
		{4BB8C9CB-20DC-4E7F-8481-BEF65F5A1677}.Debug|Any CPU.Build.0 = Debug|Any CPU
		{4BB8C9CB-20DC-4E7F-8481-BEF65F5A1677}.Release|Any CPU.ActiveCfg = Release|Any CPU
		{4BB8C9CB-20DC-4E7F-8481-BEF65F5A1677}.Release|Any CPU.Build.0 = Release|Any CPU
		{326E6E9E-0946-499D-9B36-542466B27FEA}.Debug|Any CPU.ActiveCfg = Debug|Any CPU
		{326E6E9E-0946-499D-9B36-542466B27FEA}.Debug|Any CPU.Build.0 = Debug|Any CPU
		{326E6E9E-0946-499D-9B36-542466B27FEA}.Release|Any CPU.ActiveCfg = Release|Any CPU
		{326E6E9E-0946-499D-9B36-542466B27FEA}.Release|Any CPU.Build.0 = Release|Any CPU
		{099EB957-FFBF-47FF-A7C5-FEF939DD4189}.Debug|Any CPU.ActiveCfg = Debug|Any CPU
		{099EB957-FFBF-47FF-A7C5-FEF939DD4189}.Debug|Any CPU.Build.0 = Debug|Any CPU
		{099EB957-FFBF-47FF-A7C5-FEF939DD4189}.Release|Any CPU.ActiveCfg = Release|Any CPU
		{099EB957-FFBF-47FF-A7C5-FEF939DD4189}.Release|Any CPU.Build.0 = Release|Any CPU
	EndGlobalSection
	GlobalSection(SolutionProperties) = preSolution
		HideSolutionNode = FALSE
	EndGlobalSection
	GlobalSection(NestedProjects) = preSolution
		{EAB75A69-B49B-4EB4-A8E8-87884CC4644B} = {0251AD26-B59A-4DA2-916D-95BF78780034}
		{03FC1F21-9816-4BD3-A083-E872FB0E4FB6} = {0251AD26-B59A-4DA2-916D-95BF78780034}
		{4BB8C9CB-20DC-4E7F-8481-BEF65F5A1677} = {0251AD26-B59A-4DA2-916D-95BF78780034}
		{326E6E9E-0946-499D-9B36-542466B27FEA} = {0251AD26-B59A-4DA2-916D-95BF78780034}
		{099EB957-FFBF-47FF-A7C5-FEF939DD4189} = {0251AD26-B59A-4DA2-916D-95BF78780034}
	EndGlobalSection
	GlobalSection(ExtensibilityGlobals) = postSolution
		SolutionGuid = {79EE68BB-C13C-48BE-9DF5-C3E84FAA8774}
	EndGlobalSection
EndGlobal
